
Microsoft Visual Studio Solution File, Format Version 12.00
# Visual Studio 15
VisualStudioVersion = 15.0.26403.7
MinimumVisualStudioVersion = 10.0.40219.1
Project("{9A19103F-16F7-4668-BE54-9A1E7A4F7556}") = "AutoMapper.Data", "AutoMapper.Data\AutoMapper.Data.csproj", "{C41E7BE2-1573-4EB1-96D2-ABEBD21ABFA8}"
EndProject
Project("{9A19103F-16F7-4668-BE54-9A1E7A4F7556}") = "AutoMapper.Data.Tests", "AutoMapper.Data.Tests\AutoMapper.Data.Tests.csproj", "{850F7421-F1AC-43CE-9FB2-207FD42425D1}"
EndProject
Global
	GlobalSection(SolutionConfigurationPlatforms) = preSolution
		Debug|Any CPU = Debug|Any CPU
		Release|Any CPU = Release|Any CPU
	EndGlobalSection
	GlobalSection(ProjectConfigurationPlatforms) = postSolution
		{C41E7BE2-1573-4EB1-96D2-ABEBD21ABFA8}.Debug|Any CPU.ActiveCfg = Debug|Any CPU
		{C41E7BE2-1573-4EB1-96D2-ABEBD21ABFA8}.Debug|Any CPU.Build.0 = Debug|Any CPU
		{C41E7BE2-1573-4EB1-96D2-ABEBD21ABFA8}.Release|Any CPU.ActiveCfg = Release|Any CPU
		{C41E7BE2-1573-4EB1-96D2-ABEBD21ABFA8}.Release|Any CPU.Build.0 = Release|Any CPU
		{850F7421-F1AC-43CE-9FB2-207FD42425D1}.Debug|Any CPU.ActiveCfg = Debug|Any CPU
		{850F7421-F1AC-43CE-9FB2-207FD42425D1}.Debug|Any CPU.Build.0 = Debug|Any CPU
		{850F7421-F1AC-43CE-9FB2-207FD42425D1}.Release|Any CPU.ActiveCfg = Release|Any CPU
		{850F7421-F1AC-43CE-9FB2-207FD42425D1}.Release|Any CPU.Build.0 = Release|Any CPU
	EndGlobalSection
	GlobalSection(SolutionProperties) = preSolution
		HideSolutionNode = FALSE
	EndGlobalSection
EndGlobal
